
Microsoft Visual Studio Solution File, Format Version 12.00
# Visual Studio Version 17
VisualStudioVersion = 17.3.32825.248
MinimumVisualStudioVersion = 10.0.40219.1
Project("{FAE04EC0-301F-11D3-BF4B-00C04F79EFBC}") = "DataTable_Test", "DataTable_Test.csproj", "{64008AD5-F590-4724-B477-5E906C31A3C5}"
EndProject
Global
	GlobalSection(SolutionConfigurationPlatforms) = preSolution
		Debug|Any CPU = Debug|Any CPU
		Release|Any CPU = Release|Any CPU
	EndGlobalSection
	GlobalSection(ProjectConfigurationPlatforms) = postSolution
		{64008AD5-F590-4724-B477-5E906C31A3C5}.Debug|Any CPU.ActiveCfg = Debug|Any CPU
		{64008AD5-F590-4724-B477-5E906C31A3C5}.Debug|Any CPU.Build.0 = Debug|Any CPU
		{64008AD5-F590-4724-B477-5E906C31A3C5}.Release|Any CPU.ActiveCfg = Release|Any CPU
		{64008AD5-F590-4724-B477-5E906C31A3C5}.Release|Any CPU.Build.0 = Release|Any CPU
	EndGlobalSection
	GlobalSection(SolutionProperties) = preSolution
		HideSolutionNode = FALSE
	EndGlobalSection
	GlobalSection(ExtensibilityGlobals) = postSolution
		SolutionGuid = {9598E7B0-7C1C-43D2-98F8-957DB0FFC601}
	EndGlobalSection
EndGlobal
